// !$*UTF8*$!
{
	archiveVersion = 1;
	classes = {
	};
	objectVersion = 46;
	objects = {

/* Begin PBXAggregateTarget section */
		149F466E18A0407100CA70B2 /* Mogenerator */ = {
			isa = PBXAggregateTarget;
			buildConfigurationList = 149F466F18A0407100CA70B2 /* Build configuration list for PBXAggregateTarget "Mogenerator" */;
			buildPhases = (
				149F467218A0407B00CA70B2 /* ShellScript */,
			);
			dependencies = (
			);
			name = Mogenerator;
			productName = Mogenerator;
		};
/* End PBXAggregateTarget section */

/* Begin PBXBuildFile section */
		141A4CA818A1B11300531350 /* _Severity.m in Sources */ = {isa = PBXBuildFile; fileRef = 141A4CA518A1B11300531350 /* _Severity.m */; };
		141A4CA918A1B11300531350 /* Severity.m in Sources */ = {isa = PBXBuildFile; fileRef = 141A4CA718A1B11300531350 /* Severity.m */; };
		141A4CAF18A1B13B00531350 /* _AilmentInfo.m in Sources */ = {isa = PBXBuildFile; fileRef = 141A4CAC18A1B13B00531350 /* _AilmentInfo.m */; };
		141A4CB018A1B13B00531350 /* AilmentInfo.m in Sources */ = {isa = PBXBuildFile; fileRef = 141A4CAE18A1B13B00531350 /* AilmentInfo.m */; };
		141A4CB618A1B1D600531350 /* SVProgressHUD.bundle in Resources */ = {isa = PBXBuildFile; fileRef = 141A4CB318A1B1D600531350 /* SVProgressHUD.bundle */; };
		141A4CB718A1B1D600531350 /* SVProgressHUD.m in Sources */ = {isa = PBXBuildFile; fileRef = 141A4CB518A1B1D600531350 /* SVProgressHUD.m */; };
		141A4CBA18A1C90E00531350 /* QUNewAilmentTableViewController.m in Sources */ = {isa = PBXBuildFile; fileRef = 141A4CB918A1C90E00531350 /* QUNewAilmentTableViewController.m */; };
		141A4CBD18A1C9F200531350 /* QUSeverityProgress.m in Sources */ = {isa = PBXBuildFile; fileRef = 141A4CBC18A1C9F200531350 /* QUSeverityProgress.m */; };
		141A4CC018A1CFF500531350 /* QUSeverityPickerTableViewCell.m in Sources */ = {isa = PBXBuildFile; fileRef = 141A4CBF18A1CFF500531350 /* QUSeverityPickerTableViewCell.m */; };
		141A4CC918A1DB9A00531350 /* libTestFlight.a in Frameworks */ = {isa = PBXBuildFile; fileRef = 141A4CC318A1DB9A00531350 /* libTestFlight.a */; };
		141A4CCA18A1DB9A00531350 /* README.md in Resources */ = {isa = PBXBuildFile; fileRef = 141A4CC418A1DB9A00531350 /* README.md */; };
		141A4CCB18A1DB9A00531350 /* release_notes.md in Resources */ = {isa = PBXBuildFile; fileRef = 141A4CC518A1DB9A00531350 /* release_notes.md */; };
		1425B340189FCF530096C5CC /* QUExistingHeadacheTableViewCell.m in Sources */ = {isa = PBXBuildFile; fileRef = 1425B33F189FCF530096C5CC /* QUExistingHeadacheTableViewCell.m */; };
		1425B344189FD3170096C5CC /* AMGProgressView.m in Sources */ = {isa = PBXBuildFile; fileRef = 1425B343189FD3170096C5CC /* AMGProgressView.m */; };
		1425B348189FD3710096C5CC /* QUExistingHeadacheTableViewController.m in Sources */ = {isa = PBXBuildFile; fileRef = 1425B347189FD3710096C5CC /* QUExistingHeadacheTableViewController.m */; };
		143E81A4187B8B7100BEFE8D /* Foundation.framework in Frameworks */ = {isa = PBXBuildFile; fileRef = 143E81A3187B8B7100BEFE8D /* Foundation.framework */; };
		143E81A6187B8B7100BEFE8D /* CoreGraphics.framework in Frameworks */ = {isa = PBXBuildFile; fileRef = 143E81A5187B8B7100BEFE8D /* CoreGraphics.framework */; };
		143E81A8187B8B7100BEFE8D /* UIKit.framework in Frameworks */ = {isa = PBXBuildFile; fileRef = 143E81A7187B8B7100BEFE8D /* UIKit.framework */; };
		143E81AE187B8B7100BEFE8D /* InfoPlist.strings in Resources */ = {isa = PBXBuildFile; fileRef = 143E81AC187B8B7100BEFE8D /* InfoPlist.strings */; };
		143E81B0187B8B7100BEFE8D /* main.m in Sources */ = {isa = PBXBuildFile; fileRef = 143E81AF187B8B7100BEFE8D /* main.m */; };
		143E81B4187B8B7100BEFE8D /* QUAppDelegate.m in Sources */ = {isa = PBXBuildFile; fileRef = 143E81B3187B8B7100BEFE8D /* QUAppDelegate.m */; };
		143E81B7187B8B7100BEFE8D /* Main.storyboard in Resources */ = {isa = PBXBuildFile; fileRef = 143E81B5187B8B7100BEFE8D /* Main.storyboard */; };
		143E81BA187B8B7100BEFE8D /* QUViewController.m in Sources */ = {isa = PBXBuildFile; fileRef = 143E81B9187B8B7100BEFE8D /* QUViewController.m */; };
		143E81BC187B8B7100BEFE8D /* Images.xcassets in Resources */ = {isa = PBXBuildFile; fileRef = 143E81BB187B8B7100BEFE8D /* Images.xcassets */; };
		143E81C3187B8B7100BEFE8D /* XCTest.framework in Frameworks */ = {isa = PBXBuildFile; fileRef = 143E81C2187B8B7100BEFE8D /* XCTest.framework */; };
		143E81C4187B8B7100BEFE8D /* Foundation.framework in Frameworks */ = {isa = PBXBuildFile; fileRef = 143E81A3187B8B7100BEFE8D /* Foundation.framework */; };
		143E81C5187B8B7100BEFE8D /* UIKit.framework in Frameworks */ = {isa = PBXBuildFile; fileRef = 143E81A7187B8B7100BEFE8D /* UIKit.framework */; };
		143E81CD187B8B7100BEFE8D /* InfoPlist.strings in Resources */ = {isa = PBXBuildFile; fileRef = 143E81CB187B8B7100BEFE8D /* InfoPlist.strings */; };
		143E81CF187B8B7100BEFE8D /* QQNTests.m in Sources */ = {isa = PBXBuildFile; fileRef = 143E81CE187B8B7100BEFE8D /* QQNTests.m */; };
		148DDAF818A3BF1C00927A4D /* QUNewAilmentHeaderView.m in Sources */ = {isa = PBXBuildFile; fileRef = 148DDAF718A3BF1C00927A4D /* QUNewAilmentHeaderView.m */; };
		149F466C18A03ED500CA70B2 /* QUser.xcdatamodeld in Sources */ = {isa = PBXBuildFile; fileRef = 149F466A18A03ED500CA70B2 /* QUser.xcdatamodeld */; };
		149F467C18A040E500CA70B2 /* _Ailment.m in Sources */ = {isa = PBXBuildFile; fileRef = 149F467518A040E500CA70B2 /* _Ailment.m */; };
		149F467D18A040E500CA70B2 /* _User.m in Sources */ = {isa = PBXBuildFile; fileRef = 149F467718A040E500CA70B2 /* _User.m */; };
		149F467E18A040E500CA70B2 /* Ailment.m in Sources */ = {isa = PBXBuildFile; fileRef = 149F467918A040E500CA70B2 /* Ailment.m */; };
		149F467F18A040E500CA70B2 /* User.m in Sources */ = {isa = PBXBuildFile; fileRef = 149F467B18A040E500CA70B2 /* User.m */; };
		149F468218A0411200CA70B2 /* QUCoreDataManager.m in Sources */ = {isa = PBXBuildFile; fileRef = 149F468118A0411200CA70B2 /* QUCoreDataManager.m */; };
		149F468518A0420900CA70B2 /* CoreData.framework in Frameworks */ = {isa = PBXBuildFile; fileRef = 149F468418A0420900CA70B2 /* CoreData.framework */; };
		149F468818A06ACA00CA70B2 /* QUAilmentsViewController.m in Sources */ = {isa = PBXBuildFile; fileRef = 149F468718A06ACA00CA70B2 /* QUAilmentsViewController.m */; };
		149F468C18A06FB800CA70B2 /* QUAilmentsTableViewController.m in Sources */ = {isa = PBXBuildFile; fileRef = 149F468B18A06FB800CA70B2 /* QUAilmentsTableViewController.m */; };
		149F468E18A074B500CA70B2 /* Parse.framework in Frameworks */ = {isa = PBXBuildFile; fileRef = 149F468D18A074B500CA70B2 /* Parse.framework */; };
		149F469018A0758900CA70B2 /* CFNetwork.framework in Frameworks */ = {isa = PBXBuildFile; fileRef = 149F468F18A0758900CA70B2 /* CFNetwork.framework */; };
		149F469418A075A800CA70B2 /* AudioToolbox.framework in Frameworks */ = {isa = PBXBuildFile; fileRef = 149F469318A075A800CA70B2 /* AudioToolbox.framework */; };
		149F469618A075B600CA70B2 /* CoreLocation.framework in Frameworks */ = {isa = PBXBuildFile; fileRef = 149F469518A075B600CA70B2 /* CoreLocation.framework */; };
		149F469818A075BC00CA70B2 /* libz.dylib in Frameworks */ = {isa = PBXBuildFile; fileRef = 149F469718A075BC00CA70B2 /* libz.dylib */; };
		149F469A18A075C400CA70B2 /* MobileCoreServices.framework in Frameworks */ = {isa = PBXBuildFile; fileRef = 149F469918A075C400CA70B2 /* MobileCoreServices.framework */; };
		149F469C18A075CE00CA70B2 /* QuartzCore.framework in Frameworks */ = {isa = PBXBuildFile; fileRef = 149F469B18A075CE00CA70B2 /* QuartzCore.framework */; };
		149F469E18A075D200CA70B2 /* Security.framework in Frameworks */ = {isa = PBXBuildFile; fileRef = 149F469D18A075D200CA70B2 /* Security.framework */; };
		149F46A018A075D800CA70B2 /* StoreKit.framework in Frameworks */ = {isa = PBXBuildFile; fileRef = 149F469F18A075D800CA70B2 /* StoreKit.framework */; };
		149F46A218A075DD00CA70B2 /* SystemConfiguration.framework in Frameworks */ = {isa = PBXBuildFile; fileRef = 149F46A118A075DD00CA70B2 /* SystemConfiguration.framework */; };
/* End PBXBuildFile section */

/* Begin PBXContainerItemProxy section */
		143E81C6187B8B7100BEFE8D /* PBXContainerItemProxy */ = {
			isa = PBXContainerItemProxy;
			containerPortal = 143E8198187B8B7100BEFE8D /* Project object */;
			proxyType = 1;
			remoteGlobalIDString = 143E819F187B8B7100BEFE8D;
			remoteInfo = QQN;
		};
/* End PBXContainerItemProxy section */

/* Begin PBXFileReference section */
		141A4CA418A1B11300531350 /* _Severity.h */ = {isa = PBXFileReference; fileEncoding = 4; lastKnownFileType = sourcecode.c.h; path = _Severity.h; sourceTree = "<group>"; };
		141A4CA518A1B11300531350 /* _Severity.m */ = {isa = PBXFileReference; fileEncoding = 4; lastKnownFileType = sourcecode.c.objc; path = _Severity.m; sourceTree = "<group>"; };
		141A4CA618A1B11300531350 /* Severity.h */ = {isa = PBXFileReference; fileEncoding = 4; lastKnownFileType = sourcecode.c.h; path = Severity.h; sourceTree = "<group>"; };
		141A4CA718A1B11300531350 /* Severity.m */ = {isa = PBXFileReference; fileEncoding = 4; lastKnownFileType = sourcecode.c.objc; path = Severity.m; sourceTree = "<group>"; };
		141A4CAB18A1B13B00531350 /* _AilmentInfo.h */ = {isa = PBXFileReference; fileEncoding = 4; lastKnownFileType = sourcecode.c.h; path = _AilmentInfo.h; sourceTree = "<group>"; };
		141A4CAC18A1B13B00531350 /* _AilmentInfo.m */ = {isa = PBXFileReference; fileEncoding = 4; lastKnownFileType = sourcecode.c.objc; path = _AilmentInfo.m; sourceTree = "<group>"; };
		141A4CAD18A1B13B00531350 /* AilmentInfo.h */ = {isa = PBXFileReference; fileEncoding = 4; lastKnownFileType = sourcecode.c.h; path = AilmentInfo.h; sourceTree = "<group>"; };
		141A4CAE18A1B13B00531350 /* AilmentInfo.m */ = {isa = PBXFileReference; fileEncoding = 4; lastKnownFileType = sourcecode.c.objc; path = AilmentInfo.m; sourceTree = "<group>"; };
		141A4CB218A1B1D600531350 /* SVProgressHUD-Prefix.pch */ = {isa = PBXFileReference; fileEncoding = 4; lastKnownFileType = sourcecode.c.h; path = "SVProgressHUD-Prefix.pch"; sourceTree = "<group>"; };
		141A4CB318A1B1D600531350 /* SVProgressHUD.bundle */ = {isa = PBXFileReference; lastKnownFileType = "wrapper.plug-in"; path = SVProgressHUD.bundle; sourceTree = "<group>"; };
		141A4CB418A1B1D600531350 /* SVProgressHUD.h */ = {isa = PBXFileReference; fileEncoding = 4; lastKnownFileType = sourcecode.c.h; path = SVProgressHUD.h; sourceTree = "<group>"; };
		141A4CB518A1B1D600531350 /* SVProgressHUD.m */ = {isa = PBXFileReference; fileEncoding = 4; lastKnownFileType = sourcecode.c.objc; path = SVProgressHUD.m; sourceTree = "<group>"; };
		141A4CB818A1C90E00531350 /* QUNewAilmentTableViewController.h */ = {isa = PBXFileReference; fileEncoding = 4; lastKnownFileType = sourcecode.c.h; path = QUNewAilmentTableViewController.h; sourceTree = "<group>"; };
		141A4CB918A1C90E00531350 /* QUNewAilmentTableViewController.m */ = {isa = PBXFileReference; fileEncoding = 4; lastKnownFileType = sourcecode.c.objc; path = QUNewAilmentTableViewController.m; sourceTree = "<group>"; };
		141A4CBB18A1C9F200531350 /* QUSeverityProgress.h */ = {isa = PBXFileReference; fileEncoding = 4; lastKnownFileType = sourcecode.c.h; path = QUSeverityProgress.h; sourceTree = "<group>"; };
		141A4CBC18A1C9F200531350 /* QUSeverityProgress.m */ = {isa = PBXFileReference; fileEncoding = 4; lastKnownFileType = sourcecode.c.objc; path = QUSeverityProgress.m; sourceTree = "<group>"; };
		141A4CBE18A1CFF500531350 /* QUSeverityPickerTableViewCell.h */ = {isa = PBXFileReference; fileEncoding = 4; lastKnownFileType = sourcecode.c.h; path = QUSeverityPickerTableViewCell.h; sourceTree = "<group>"; };
		141A4CBF18A1CFF500531350 /* QUSeverityPickerTableViewCell.m */ = {isa = PBXFileReference; fileEncoding = 4; lastKnownFileType = sourcecode.c.objc; path = QUSeverityPickerTableViewCell.m; sourceTree = "<group>"; };
		141A4CC318A1DB9A00531350 /* libTestFlight.a */ = {isa = PBXFileReference; lastKnownFileType = archive.ar; path = libTestFlight.a; sourceTree = "<group>"; };
		141A4CC418A1DB9A00531350 /* README.md */ = {isa = PBXFileReference; fileEncoding = 4; lastKnownFileType = text; path = README.md; sourceTree = "<group>"; };
		141A4CC518A1DB9A00531350 /* release_notes.md */ = {isa = PBXFileReference; fileEncoding = 4; lastKnownFileType = text; path = release_notes.md; sourceTree = "<group>"; };
		141A4CC618A1DB9A00531350 /* TestFlight+AsyncLogging.h */ = {isa = PBXFileReference; fileEncoding = 4; lastKnownFileType = sourcecode.c.h; path = "TestFlight+AsyncLogging.h"; sourceTree = "<group>"; };
		141A4CC718A1DB9A00531350 /* TestFlight+ManualSessions.h */ = {isa = PBXFileReference; fileEncoding = 4; lastKnownFileType = sourcecode.c.h; path = "TestFlight+ManualSessions.h"; sourceTree = "<group>"; };
		141A4CC818A1DB9A00531350 /* TestFlight.h */ = {isa = PBXFileReference; fileEncoding = 4; lastKnownFileType = sourcecode.c.h; path = TestFlight.h; sourceTree = "<group>"; };
		1425B33E189FCF530096C5CC /* QUExistingHeadacheTableViewCell.h */ = {isa = PBXFileReference; fileEncoding = 4; lastKnownFileType = sourcecode.c.h; path = QUExistingHeadacheTableViewCell.h; sourceTree = "<group>"; };
		1425B33F189FCF530096C5CC /* QUExistingHeadacheTableViewCell.m */ = {isa = PBXFileReference; fileEncoding = 4; lastKnownFileType = sourcecode.c.objc; path = QUExistingHeadacheTableViewCell.m; sourceTree = "<group>"; };
		1425B342189FD3170096C5CC /* AMGProgressView.h */ = {isa = PBXFileReference; fileEncoding = 4; lastKnownFileType = sourcecode.c.h; path = AMGProgressView.h; sourceTree = "<group>"; };
		1425B343189FD3170096C5CC /* AMGProgressView.m */ = {isa = PBXFileReference; fileEncoding = 4; lastKnownFileType = sourcecode.c.objc; path = AMGProgressView.m; sourceTree = "<group>"; };
		1425B346189FD3710096C5CC /* QUExistingHeadacheTableViewController.h */ = {isa = PBXFileReference; fileEncoding = 4; lastKnownFileType = sourcecode.c.h; path = QUExistingHeadacheTableViewController.h; sourceTree = "<group>"; };
		1425B347189FD3710096C5CC /* QUExistingHeadacheTableViewController.m */ = {isa = PBXFileReference; fileEncoding = 4; lastKnownFileType = sourcecode.c.objc; path = QUExistingHeadacheTableViewController.m; sourceTree = "<group>"; };
		143E81A0187B8B7100BEFE8D /* QQN.app */ = {isa = PBXFileReference; explicitFileType = wrapper.application; includeInIndex = 0; path = QQN.app; sourceTree = BUILT_PRODUCTS_DIR; };
		143E81A3187B8B7100BEFE8D /* Foundation.framework */ = {isa = PBXFileReference; lastKnownFileType = wrapper.framework; name = Foundation.framework; path = System/Library/Frameworks/Foundation.framework; sourceTree = SDKROOT; };
		143E81A5187B8B7100BEFE8D /* CoreGraphics.framework */ = {isa = PBXFileReference; lastKnownFileType = wrapper.framework; name = CoreGraphics.framework; path = System/Library/Frameworks/CoreGraphics.framework; sourceTree = SDKROOT; };
		143E81A7187B8B7100BEFE8D /* UIKit.framework */ = {isa = PBXFileReference; lastKnownFileType = wrapper.framework; name = UIKit.framework; path = System/Library/Frameworks/UIKit.framework; sourceTree = SDKROOT; };
		143E81AB187B8B7100BEFE8D /* QQN-Info.plist */ = {isa = PBXFileReference; lastKnownFileType = text.plist.xml; path = "QQN-Info.plist"; sourceTree = "<group>"; };
		143E81AD187B8B7100BEFE8D /* en */ = {isa = PBXFileReference; lastKnownFileType = text.plist.strings; name = en; path = en.lproj/InfoPlist.strings; sourceTree = "<group>"; };
		143E81AF187B8B7100BEFE8D /* main.m */ = {isa = PBXFileReference; lastKnownFileType = sourcecode.c.objc; path = main.m; sourceTree = "<group>"; };
		143E81B1187B8B7100BEFE8D /* QQN-Prefix.pch */ = {isa = PBXFileReference; lastKnownFileType = sourcecode.c.h; path = "QQN-Prefix.pch"; sourceTree = "<group>"; };
		143E81B2187B8B7100BEFE8D /* QUAppDelegate.h */ = {isa = PBXFileReference; lastKnownFileType = sourcecode.c.h; path = QUAppDelegate.h; sourceTree = "<group>"; };
		143E81B3187B8B7100BEFE8D /* QUAppDelegate.m */ = {isa = PBXFileReference; lastKnownFileType = sourcecode.c.objc; path = QUAppDelegate.m; sourceTree = "<group>"; };
		143E81B6187B8B7100BEFE8D /* Base */ = {isa = PBXFileReference; lastKnownFileType = file.storyboard; name = Base; path = Base.lproj/Main.storyboard; sourceTree = "<group>"; };
		143E81B8187B8B7100BEFE8D /* QUViewController.h */ = {isa = PBXFileReference; lastKnownFileType = sourcecode.c.h; path = QUViewController.h; sourceTree = "<group>"; };
		143E81B9187B8B7100BEFE8D /* QUViewController.m */ = {isa = PBXFileReference; lastKnownFileType = sourcecode.c.objc; path = QUViewController.m; sourceTree = "<group>"; };
		143E81BB187B8B7100BEFE8D /* Images.xcassets */ = {isa = PBXFileReference; lastKnownFileType = folder.assetcatalog; path = Images.xcassets; sourceTree = "<group>"; };
		143E81C1187B8B7100BEFE8D /* QQNTests.xctest */ = {isa = PBXFileReference; explicitFileType = wrapper.cfbundle; includeInIndex = 0; path = QQNTests.xctest; sourceTree = BUILT_PRODUCTS_DIR; };
		143E81C2187B8B7100BEFE8D /* XCTest.framework */ = {isa = PBXFileReference; lastKnownFileType = wrapper.framework; name = XCTest.framework; path = Library/Frameworks/XCTest.framework; sourceTree = DEVELOPER_DIR; };
		143E81CA187B8B7100BEFE8D /* QQNTests-Info.plist */ = {isa = PBXFileReference; lastKnownFileType = text.plist.xml; path = "QQNTests-Info.plist"; sourceTree = "<group>"; };
		143E81CC187B8B7100BEFE8D /* en */ = {isa = PBXFileReference; lastKnownFileType = text.plist.strings; name = en; path = en.lproj/InfoPlist.strings; sourceTree = "<group>"; };
		143E81CE187B8B7100BEFE8D /* QQNTests.m */ = {isa = PBXFileReference; lastKnownFileType = sourcecode.c.objc; path = QQNTests.m; sourceTree = "<group>"; };
		148DDAF618A3BF1C00927A4D /* QUNewAilmentHeaderView.h */ = {isa = PBXFileReference; fileEncoding = 4; lastKnownFileType = sourcecode.c.h; path = QUNewAilmentHeaderView.h; sourceTree = "<group>"; };
		148DDAF718A3BF1C00927A4D /* QUNewAilmentHeaderView.m */ = {isa = PBXFileReference; fileEncoding = 4; lastKnownFileType = sourcecode.c.objc; path = QUNewAilmentHeaderView.m; sourceTree = "<group>"; };
		149F466B18A03ED500CA70B2 /* QUser.xcdatamodel */ = {isa = PBXFileReference; lastKnownFileType = wrapper.xcdatamodel; path = QUser.xcdatamodel; sourceTree = "<group>"; };
		149F466D18A0400D00CA70B2 /* AilmentTypes.h */ = {isa = PBXFileReference; lastKnownFileType = sourcecode.c.h; path = AilmentTypes.h; sourceTree = "<group>"; };
		149F467418A040E500CA70B2 /* _Ailment.h */ = {isa = PBXFileReference; fileEncoding = 4; lastKnownFileType = sourcecode.c.h; path = _Ailment.h; sourceTree = "<group>"; };
		149F467518A040E500CA70B2 /* _Ailment.m */ = {isa = PBXFileReference; fileEncoding = 4; lastKnownFileType = sourcecode.c.objc; path = _Ailment.m; sourceTree = "<group>"; };
		149F467618A040E500CA70B2 /* _User.h */ = {isa = PBXFileReference; fileEncoding = 4; lastKnownFileType = sourcecode.c.h; path = _User.h; sourceTree = "<group>"; };
		149F467718A040E500CA70B2 /* _User.m */ = {isa = PBXFileReference; fileEncoding = 4; lastKnownFileType = sourcecode.c.objc; path = _User.m; sourceTree = "<group>"; };
		149F467818A040E500CA70B2 /* Ailment.h */ = {isa = PBXFileReference; fileEncoding = 4; lastKnownFileType = sourcecode.c.h; path = Ailment.h; sourceTree = "<group>"; };
		149F467918A040E500CA70B2 /* Ailment.m */ = {isa = PBXFileReference; fileEncoding = 4; lastKnownFileType = sourcecode.c.objc; path = Ailment.m; sourceTree = "<group>"; };
		149F467A18A040E500CA70B2 /* User.h */ = {isa = PBXFileReference; fileEncoding = 4; lastKnownFileType = sourcecode.c.h; path = User.h; sourceTree = "<group>"; };
		149F467B18A040E500CA70B2 /* User.m */ = {isa = PBXFileReference; fileEncoding = 4; lastKnownFileType = sourcecode.c.objc; path = User.m; sourceTree = "<group>"; };
		149F468018A0411200CA70B2 /* QUCoreDataManager.h */ = {isa = PBXFileReference; fileEncoding = 4; lastKnownFileType = sourcecode.c.h; path = QUCoreDataManager.h; sourceTree = "<group>"; };
		149F468118A0411200CA70B2 /* QUCoreDataManager.m */ = {isa = PBXFileReference; fileEncoding = 4; lastKnownFileType = sourcecode.c.objc; path = QUCoreDataManager.m; sourceTree = "<group>"; };
		149F468418A0420900CA70B2 /* CoreData.framework */ = {isa = PBXFileReference; lastKnownFileType = wrapper.framework; name = CoreData.framework; path = System/Library/Frameworks/CoreData.framework; sourceTree = SDKROOT; };
		149F468618A06ACA00CA70B2 /* QUAilmentsViewController.h */ = {isa = PBXFileReference; fileEncoding = 4; lastKnownFileType = sourcecode.c.h; path = QUAilmentsViewController.h; sourceTree = "<group>"; };
		149F468718A06ACA00CA70B2 /* QUAilmentsViewController.m */ = {isa = PBXFileReference; fileEncoding = 4; lastKnownFileType = sourcecode.c.objc; path = QUAilmentsViewController.m; sourceTree = "<group>"; };
		149F468A18A06FB800CA70B2 /* QUAilmentsTableViewController.h */ = {isa = PBXFileReference; fileEncoding = 4; lastKnownFileType = sourcecode.c.h; path = QUAilmentsTableViewController.h; sourceTree = "<group>"; };
		149F468B18A06FB800CA70B2 /* QUAilmentsTableViewController.m */ = {isa = PBXFileReference; fileEncoding = 4; lastKnownFileType = sourcecode.c.objc; path = QUAilmentsTableViewController.m; sourceTree = "<group>"; };
		149F468D18A074B500CA70B2 /* Parse.framework */ = {isa = PBXFileReference; lastKnownFileType = wrapper.framework; path = Parse.framework; sourceTree = "<group>"; };
		149F468F18A0758900CA70B2 /* CFNetwork.framework */ = {isa = PBXFileReference; lastKnownFileType = wrapper.framework; name = CFNetwork.framework; path = System/Library/Frameworks/CFNetwork.framework; sourceTree = SDKROOT; };
		149F469118A0758D00CA70B2 /* CoreAudio.framework */ = {isa = PBXFileReference; lastKnownFileType = wrapper.framework; name = CoreAudio.framework; path = System/Library/Frameworks/CoreAudio.framework; sourceTree = SDKROOT; };
		149F469318A075A800CA70B2 /* AudioToolbox.framework */ = {isa = PBXFileReference; lastKnownFileType = wrapper.framework; name = AudioToolbox.framework; path = System/Library/Frameworks/AudioToolbox.framework; sourceTree = SDKROOT; };
		149F469518A075B600CA70B2 /* CoreLocation.framework */ = {isa = PBXFileReference; lastKnownFileType = wrapper.framework; name = CoreLocation.framework; path = System/Library/Frameworks/CoreLocation.framework; sourceTree = SDKROOT; };
		149F469718A075BC00CA70B2 /* libz.dylib */ = {isa = PBXFileReference; lastKnownFileType = "compiled.mach-o.dylib"; name = libz.dylib; path = usr/lib/libz.dylib; sourceTree = SDKROOT; };
		149F469918A075C400CA70B2 /* MobileCoreServices.framework */ = {isa = PBXFileReference; lastKnownFileType = wrapper.framework; name = MobileCoreServices.framework; path = System/Library/Frameworks/MobileCoreServices.framework; sourceTree = SDKROOT; };
		149F469B18A075CE00CA70B2 /* QuartzCore.framework */ = {isa = PBXFileReference; lastKnownFileType = wrapper.framework; name = QuartzCore.framework; path = System/Library/Frameworks/QuartzCore.framework; sourceTree = SDKROOT; };
		149F469D18A075D200CA70B2 /* Security.framework */ = {isa = PBXFileReference; lastKnownFileType = wrapper.framework; name = Security.framework; path = System/Library/Frameworks/Security.framework; sourceTree = SDKROOT; };
		149F469F18A075D800CA70B2 /* StoreKit.framework */ = {isa = PBXFileReference; lastKnownFileType = wrapper.framework; name = StoreKit.framework; path = System/Library/Frameworks/StoreKit.framework; sourceTree = SDKROOT; };
		149F46A118A075DD00CA70B2 /* SystemConfiguration.framework */ = {isa = PBXFileReference; lastKnownFileType = wrapper.framework; name = SystemConfiguration.framework; path = System/Library/Frameworks/SystemConfiguration.framework; sourceTree = SDKROOT; };
		14A6F92718A457BE0015E0BE /* QUser 2.xcdatamodel */ = {isa = PBXFileReference; lastKnownFileType = wrapper.xcdatamodel; path = "QUser 2.xcdatamodel"; sourceTree = "<group>"; };
		47D040CD187D368300F48EF3 /* OAuth1Controller.h */ = {isa = PBXFileReference; fileEncoding = 4; lastKnownFileType = sourcecode.c.h; name = OAuth1Controller.h; path = "../../../../Downloads/simple-oauth1-master 2/Simple-OAuth1/Simple-OAuth1/OAuth1Controller.h"; sourceTree = "<group>"; };
		47D040CE187D368300F48EF3 /* OAuth1Controller.m */ = {isa = PBXFileReference; fileEncoding = 4; lastKnownFileType = sourcecode.c.objc; name = OAuth1Controller.m; path = "../../../../Downloads/simple-oauth1-master 2/Simple-OAuth1/Simple-OAuth1/OAuth1Controller.m"; sourceTree = "<group>"; };
		47D040CF187D368300F48EF3 /* NSString+URLEncoding.h */ = {isa = PBXFileReference; fileEncoding = 4; lastKnownFileType = sourcecode.c.h; name = "NSString+URLEncoding.h"; path = "../../../../Downloads/simple-oauth1-master 2/Simple-OAuth1/Simple-OAuth1/NSString+URLEncoding.h"; sourceTree = "<group>"; };
		47D040D0187D368300F48EF3 /* NSString+URLEncoding.m */ = {isa = PBXFileReference; fileEncoding = 4; lastKnownFileType = sourcecode.c.objc; name = "NSString+URLEncoding.m"; path = "../../../../Downloads/simple-oauth1-master 2/Simple-OAuth1/Simple-OAuth1/NSString+URLEncoding.m"; sourceTree = "<group>"; };
		47D040D4187D369C00F48EF3 /* Base64Transcoder.c */ = {isa = PBXFileReference; fileEncoding = 4; lastKnownFileType = sourcecode.c.c; name = Base64Transcoder.c; path = "../../../../Downloads/simple-oauth1-master 2/Simple-OAuth1/Simple-OAuth1/Crypto/Base64Transcoder.c"; sourceTree = "<group>"; };
		47D040D5187D369C00F48EF3 /* Base64Transcoder.h */ = {isa = PBXFileReference; fileEncoding = 4; lastKnownFileType = sourcecode.c.h; name = Base64Transcoder.h; path = "../../../../Downloads/simple-oauth1-master 2/Simple-OAuth1/Simple-OAuth1/Crypto/Base64Transcoder.h"; sourceTree = "<group>"; };
		47D040D6187D369C00F48EF3 /* hmac.c */ = {isa = PBXFileReference; fileEncoding = 4; lastKnownFileType = sourcecode.c.c; name = hmac.c; path = "../../../../Downloads/simple-oauth1-master 2/Simple-OAuth1/Simple-OAuth1/Crypto/hmac.c"; sourceTree = "<group>"; };
		47D040D7187D369C00F48EF3 /* hmac.h */ = {isa = PBXFileReference; fileEncoding = 4; lastKnownFileType = sourcecode.c.h; name = hmac.h; path = "../../../../Downloads/simple-oauth1-master 2/Simple-OAuth1/Simple-OAuth1/Crypto/hmac.h"; sourceTree = "<group>"; };
		47D040D8187D369C00F48EF3 /* sha1.c */ = {isa = PBXFileReference; fileEncoding = 4; lastKnownFileType = sourcecode.c.c; name = sha1.c; path = "../../../../Downloads/simple-oauth1-master 2/Simple-OAuth1/Simple-OAuth1/Crypto/sha1.c"; sourceTree = "<group>"; };
		47D040D9187D369C00F48EF3 /* sha1.h */ = {isa = PBXFileReference; fileEncoding = 4; lastKnownFileType = sourcecode.c.h; name = sha1.h; path = "../../../../Downloads/simple-oauth1-master 2/Simple-OAuth1/Simple-OAuth1/Crypto/sha1.h"; sourceTree = "<group>"; };
/* End PBXFileReference section */

/* Begin PBXFrameworksBuildPhase section */
		143E819D187B8B7100BEFE8D /* Frameworks */ = {
			isa = PBXFrameworksBuildPhase;
			buildActionMask = 2147483647;
			files = (
				141A4CC918A1DB9A00531350 /* libTestFlight.a in Frameworks */,
				149F46A218A075DD00CA70B2 /* SystemConfiguration.framework in Frameworks */,
				149F46A018A075D800CA70B2 /* StoreKit.framework in Frameworks */,
				149F469E18A075D200CA70B2 /* Security.framework in Frameworks */,
				149F469C18A075CE00CA70B2 /* QuartzCore.framework in Frameworks */,
				149F469A18A075C400CA70B2 /* MobileCoreServices.framework in Frameworks */,
				149F469818A075BC00CA70B2 /* libz.dylib in Frameworks */,
				149F469618A075B600CA70B2 /* CoreLocation.framework in Frameworks */,
				143E81A6187B8B7100BEFE8D /* CoreGraphics.framework in Frameworks */,
				149F469418A075A800CA70B2 /* AudioToolbox.framework in Frameworks */,
				149F469018A0758900CA70B2 /* CFNetwork.framework in Frameworks */,
				149F468518A0420900CA70B2 /* CoreData.framework in Frameworks */,
				143E81A8187B8B7100BEFE8D /* UIKit.framework in Frameworks */,
				143E81A4187B8B7100BEFE8D /* Foundation.framework in Frameworks */,
				149F468E18A074B500CA70B2 /* Parse.framework in Frameworks */,
			);
			runOnlyForDeploymentPostprocessing = 0;
		};
		143E81BE187B8B7100BEFE8D /* Frameworks */ = {
			isa = PBXFrameworksBuildPhase;
			buildActionMask = 2147483647;
			files = (
				143E81C3187B8B7100BEFE8D /* XCTest.framework in Frameworks */,
				143E81C5187B8B7100BEFE8D /* UIKit.framework in Frameworks */,
				143E81C4187B8B7100BEFE8D /* Foundation.framework in Frameworks */,
			);
			runOnlyForDeploymentPostprocessing = 0;
		};
/* End PBXFrameworksBuildPhase section */

/* Begin PBXGroup section */
		141A4CB118A1B1D600531350 /* SVProgressHUD */ = {
			isa = PBXGroup;
			children = (
				141A4CB218A1B1D600531350 /* SVProgressHUD-Prefix.pch */,
				141A4CB318A1B1D600531350 /* SVProgressHUD.bundle */,
				141A4CB418A1B1D600531350 /* SVProgressHUD.h */,
				141A4CB518A1B1D600531350 /* SVProgressHUD.m */,
			);
			path = SVProgressHUD;
			sourceTree = "<group>";
		};
		141A4CC118A1D3B500531350 /* FUCKING COLLECTION VIEW */ = {
			isa = PBXGroup;
			children = (
				149F468618A06ACA00CA70B2 /* QUAilmentsViewController.h */,
				149F468718A06ACA00CA70B2 /* QUAilmentsViewController.m */,
			);
			name = "FUCKING COLLECTION VIEW";
			sourceTree = "<group>";
		};
		141A4CC218A1DB9A00531350 /* TestFlightSDK2 */ = {
			isa = PBXGroup;
			children = (
				141A4CC318A1DB9A00531350 /* libTestFlight.a */,
				141A4CC418A1DB9A00531350 /* README.md */,
				141A4CC518A1DB9A00531350 /* release_notes.md */,
				141A4CC618A1DB9A00531350 /* TestFlight+AsyncLogging.h */,
				141A4CC718A1DB9A00531350 /* TestFlight+ManualSessions.h */,
				141A4CC818A1DB9A00531350 /* TestFlight.h */,
			);
			path = TestFlightSDK2;
			sourceTree = "<group>";
		};
		1425B341189FCF560096C5CC /* Headaches */ = {
			isa = PBXGroup;
			children = (
				1425B33E189FCF530096C5CC /* QUExistingHeadacheTableViewCell.h */,
				1425B33F189FCF530096C5CC /* QUExistingHeadacheTableViewCell.m */,
				1425B346189FD3710096C5CC /* QUExistingHeadacheTableViewController.h */,
				1425B347189FD3710096C5CC /* QUExistingHeadacheTableViewController.m */,
			);
			name = Headaches;
			sourceTree = "<group>";
		};
		1425B345189FD31C0096C5CC /* GradientProgressView */ = {
			isa = PBXGroup;
			children = (
				141A4CBB18A1C9F200531350 /* QUSeverityProgress.h */,
				141A4CBC18A1C9F200531350 /* QUSeverityProgress.m */,
				1425B342189FD3170096C5CC /* AMGProgressView.h */,
				1425B343189FD3170096C5CC /* AMGProgressView.m */,
			);
			name = GradientProgressView;
			sourceTree = "<group>";
		};
		143E8197187B8B7100BEFE8D = {
			isa = PBXGroup;
			children = (
				143E81A9187B8B7100BEFE8D /* QQN */,
				143E81C8187B8B7100BEFE8D /* QQNTests */,
				143E81A2187B8B7100BEFE8D /* Frameworks */,
				143E81A1187B8B7100BEFE8D /* Products */,
			);
			sourceTree = "<group>";
		};
		143E81A1187B8B7100BEFE8D /* Products */ = {
			isa = PBXGroup;
			children = (
				143E81A0187B8B7100BEFE8D /* QQN.app */,
				143E81C1187B8B7100BEFE8D /* QQNTests.xctest */,
			);
			name = Products;
			sourceTree = "<group>";
		};
		143E81A2187B8B7100BEFE8D /* Frameworks */ = {
			isa = PBXGroup;
			children = (
				141A4CC218A1DB9A00531350 /* TestFlightSDK2 */,
				149F46A118A075DD00CA70B2 /* SystemConfiguration.framework */,
				149F469F18A075D800CA70B2 /* StoreKit.framework */,
				149F469D18A075D200CA70B2 /* Security.framework */,
				149F469B18A075CE00CA70B2 /* QuartzCore.framework */,
				149F469918A075C400CA70B2 /* MobileCoreServices.framework */,
				149F469718A075BC00CA70B2 /* libz.dylib */,
				149F469518A075B600CA70B2 /* CoreLocation.framework */,
				149F469318A075A800CA70B2 /* AudioToolbox.framework */,
				149F469118A0758D00CA70B2 /* CoreAudio.framework */,
				149F468F18A0758900CA70B2 /* CFNetwork.framework */,
				149F468D18A074B500CA70B2 /* Parse.framework */,
				149F468418A0420900CA70B2 /* CoreData.framework */,
				143E81A3187B8B7100BEFE8D /* Foundation.framework */,
				143E81A5187B8B7100BEFE8D /* CoreGraphics.framework */,
				143E81A7187B8B7100BEFE8D /* UIKit.framework */,
				143E81C2187B8B7100BEFE8D /* XCTest.framework */,
			);
			name = Frameworks;
			sourceTree = "<group>";
		};
		143E81A9187B8B7100BEFE8D /* QQN */ = {
			isa = PBXGroup;
			children = (
				47D040CC187D364900F48EF3 /* ThirdPartyIntegrations */,
				47D040CB187D2E3C00F48EF3 /* First Page */,
				143E81B2187B8B7100BEFE8D /* QUAppDelegate.h */,
				143E81B3187B8B7100BEFE8D /* QUAppDelegate.m */,
				143E81B5187B8B7100BEFE8D /* Main.storyboard */,
				149F468918A06AD100CA70B2 /* Ailments */,
				149F467318A040D400CA70B2 /* CoreData */,
				143E81BB187B8B7100BEFE8D /* Images.xcassets */,
				143E81AA187B8B7100BEFE8D /* Supporting Files */,
			);
			path = QQN;
			sourceTree = "<group>";
		};
		143E81AA187B8B7100BEFE8D /* Supporting Files */ = {
			isa = PBXGroup;
			children = (
				141A4CB118A1B1D600531350 /* SVProgressHUD */,
				143E81AB187B8B7100BEFE8D /* QQN-Info.plist */,
				143E81AC187B8B7100BEFE8D /* InfoPlist.strings */,
				143E81AF187B8B7100BEFE8D /* main.m */,
				143E81B1187B8B7100BEFE8D /* QQN-Prefix.pch */,
			);
			name = "Supporting Files";
			sourceTree = "<group>";
		};
		143E81C8187B8B7100BEFE8D /* QQNTests */ = {
			isa = PBXGroup;
			children = (
				143E81CE187B8B7100BEFE8D /* QQNTests.m */,
				143E81C9187B8B7100BEFE8D /* Supporting Files */,
			);
			path = QQNTests;
			sourceTree = "<group>";
		};
		143E81C9187B8B7100BEFE8D /* Supporting Files */ = {
			isa = PBXGroup;
			children = (
				143E81CA187B8B7100BEFE8D /* QQNTests-Info.plist */,
				143E81CB187B8B7100BEFE8D /* InfoPlist.strings */,
			);
			name = "Supporting Files";
			sourceTree = "<group>";
		};
		149F467318A040D400CA70B2 /* CoreData */ = {
			isa = PBXGroup;
			children = (
				149F468318A041DC00CA70B2 /* EntityClasses */,
				149F466A18A03ED500CA70B2 /* QUser.xcdatamodeld */,
				141A4CBE18A1CFF500531350 /* QUSeverityPickerTableViewCell.h */,
				141A4CBF18A1CFF500531350 /* QUSeverityPickerTableViewCell.m */,
				149F466D18A0400D00CA70B2 /* AilmentTypes.h */,
				149F468018A0411200CA70B2 /* QUCoreDataManager.h */,
				149F468118A0411200CA70B2 /* QUCoreDataManager.m */,
			);
			name = CoreData;
			sourceTree = "<group>";
		};
		149F468318A041DC00CA70B2 /* EntityClasses */ = {
			isa = PBXGroup;
			children = (
				141A4CAB18A1B13B00531350 /* _AilmentInfo.h */,
				141A4CAC18A1B13B00531350 /* _AilmentInfo.m */,
				141A4CAD18A1B13B00531350 /* AilmentInfo.h */,
				141A4CAE18A1B13B00531350 /* AilmentInfo.m */,
				141A4CA418A1B11300531350 /* _Severity.h */,
				141A4CA518A1B11300531350 /* _Severity.m */,
				141A4CA618A1B11300531350 /* Severity.h */,
				141A4CA718A1B11300531350 /* Severity.m */,
				149F467418A040E500CA70B2 /* _Ailment.h */,
				149F467518A040E500CA70B2 /* _Ailment.m */,
				149F467618A040E500CA70B2 /* _User.h */,
				149F467718A040E500CA70B2 /* _User.m */,
				149F467818A040E500CA70B2 /* Ailment.h */,
				149F467918A040E500CA70B2 /* Ailment.m */,
				149F467A18A040E500CA70B2 /* User.h */,
				149F467B18A040E500CA70B2 /* User.m */,
			);
			name = EntityClasses;
			sourceTree = "<group>";
		};
		149F468918A06AD100CA70B2 /* Ailments */ = {
			isa = PBXGroup;
			children = (
				141A4CB818A1C90E00531350 /* QUNewAilmentTableViewController.h */,
				141A4CB918A1C90E00531350 /* QUNewAilmentTableViewController.m */,
				148DDAF618A3BF1C00927A4D /* QUNewAilmentHeaderView.h */,
				148DDAF718A3BF1C00927A4D /* QUNewAilmentHeaderView.m */,
				149F468A18A06FB800CA70B2 /* QUAilmentsTableViewController.h */,
				149F468B18A06FB800CA70B2 /* QUAilmentsTableViewController.m */,
				1425B341189FCF560096C5CC /* Headaches */,
				141A4CC118A1D3B500531350 /* FUCKING COLLECTION VIEW */,
			);
			name = Ailments;
			sourceTree = "<group>";
		};
		47D040CB187D2E3C00F48EF3 /* First Page */ = {
			isa = PBXGroup;
			children = (
				143E81B8187B8B7100BEFE8D /* QUViewController.h */,
				143E81B9187B8B7100BEFE8D /* QUViewController.m */,
			);
			name = "First Page";
			sourceTree = "<group>";
		};
		47D040CC187D364900F48EF3 /* ThirdPartyIntegrations */ = {
			isa = PBXGroup;
			children = (
				1425B345189FD31C0096C5CC /* GradientProgressView */,
				47D040D3187D368800F48EF3 /* Crypto */,
				47D040CD187D368300F48EF3 /* OAuth1Controller.h */,
				47D040CE187D368300F48EF3 /* OAuth1Controller.m */,
				47D040CF187D368300F48EF3 /* NSString+URLEncoding.h */,
				47D040D0187D368300F48EF3 /* NSString+URLEncoding.m */,
			);
			name = ThirdPartyIntegrations;
			sourceTree = "<group>";
		};
		47D040D3187D368800F48EF3 /* Crypto */ = {
			isa = PBXGroup;
			children = (
				47D040D4187D369C00F48EF3 /* Base64Transcoder.c */,
				47D040D5187D369C00F48EF3 /* Base64Transcoder.h */,
				47D040D6187D369C00F48EF3 /* hmac.c */,
				47D040D7187D369C00F48EF3 /* hmac.h */,
				47D040D8187D369C00F48EF3 /* sha1.c */,
				47D040D9187D369C00F48EF3 /* sha1.h */,
			);
			name = Crypto;
			sourceTree = "<group>";
		};
/* End PBXGroup section */

/* Begin PBXNativeTarget section */
		143E819F187B8B7100BEFE8D /* QQN */ = {
			isa = PBXNativeTarget;
			buildConfigurationList = 143E81D2187B8B7100BEFE8D /* Build configuration list for PBXNativeTarget "QQN" */;
			buildPhases = (
				143E819C187B8B7100BEFE8D /* Sources */,
				143E819D187B8B7100BEFE8D /* Frameworks */,
				143E819E187B8B7100BEFE8D /* Resources */,
			);
			buildRules = (
			);
			dependencies = (
			);
			name = QQN;
			productName = QQN;
			productReference = 143E81A0187B8B7100BEFE8D /* QQN.app */;
			productType = "com.apple.product-type.application";
		};
		143E81C0187B8B7100BEFE8D /* QQNTests */ = {
			isa = PBXNativeTarget;
			buildConfigurationList = 143E81D5187B8B7100BEFE8D /* Build configuration list for PBXNativeTarget "QQNTests" */;
			buildPhases = (
				143E81BD187B8B7100BEFE8D /* Sources */,
				143E81BE187B8B7100BEFE8D /* Frameworks */,
				143E81BF187B8B7100BEFE8D /* Resources */,
			);
			buildRules = (
			);
			dependencies = (
				143E81C7187B8B7100BEFE8D /* PBXTargetDependency */,
			);
			name = QQNTests;
			productName = QQNTests;
			productReference = 143E81C1187B8B7100BEFE8D /* QQNTests.xctest */;
			productType = "com.apple.product-type.bundle.unit-test";
		};
/* End PBXNativeTarget section */

/* Begin PBXProject section */
		143E8198187B8B7100BEFE8D /* Project object */ = {
			isa = PBXProject;
			attributes = {
				CLASSPREFIX = QU;
				LastUpgradeCheck = 0510;
				ORGANIZATIONNAME = "Adam Lowther";
				TargetAttributes = {
					143E819F187B8B7100BEFE8D = {
						DevelopmentTeam = E5ANWKSXGH;
						SystemCapabilities = {
							com.apple.InAppPurchase = {
								enabled = 0;
							};
						};
					};
					143E81C0187B8B7100BEFE8D = {
						TestTargetID = 143E819F187B8B7100BEFE8D;
					};
				};
			};
			buildConfigurationList = 143E819B187B8B7100BEFE8D /* Build configuration list for PBXProject "QQN" */;
			compatibilityVersion = "Xcode 3.2";
			developmentRegion = English;
			hasScannedForEncodings = 0;
			knownRegions = (
				en,
				Base,
			);
			mainGroup = 143E8197187B8B7100BEFE8D;
			productRefGroup = 143E81A1187B8B7100BEFE8D /* Products */;
			projectDirPath = "";
			projectRoot = "";
			targets = (
				143E819F187B8B7100BEFE8D /* QQN */,
				143E81C0187B8B7100BEFE8D /* QQNTests */,
				149F466E18A0407100CA70B2 /* Mogenerator */,
			);
		};
/* End PBXProject section */

/* Begin PBXResourcesBuildPhase section */
		143E819E187B8B7100BEFE8D /* Resources */ = {
			isa = PBXResourcesBuildPhase;
			buildActionMask = 2147483647;
			files = (
				141A4CCB18A1DB9A00531350 /* release_notes.md in Resources */,
				143E81BC187B8B7100BEFE8D /* Images.xcassets in Resources */,
				143E81AE187B8B7100BEFE8D /* InfoPlist.strings in Resources */,
				141A4CCA18A1DB9A00531350 /* README.md in Resources */,
				143E81B7187B8B7100BEFE8D /* Main.storyboard in Resources */,
				141A4CB618A1B1D600531350 /* SVProgressHUD.bundle in Resources */,
			);
			runOnlyForDeploymentPostprocessing = 0;
		};
		143E81BF187B8B7100BEFE8D /* Resources */ = {
			isa = PBXResourcesBuildPhase;
			buildActionMask = 2147483647;
			files = (
				143E81CD187B8B7100BEFE8D /* InfoPlist.strings in Resources */,
			);
			runOnlyForDeploymentPostprocessing = 0;
		};
/* End PBXResourcesBuildPhase section */

/* Begin PBXShellScriptBuildPhase section */
		149F467218A0407B00CA70B2 /* ShellScript */ = {
			isa = PBXShellScriptBuildPhase;
			buildActionMask = 2147483647;
			files = (
			);
			inputPaths = (
			);
			outputPaths = (
			);
			runOnlyForDeploymentPostprocessing = 0;
			shellPath = /bin/sh;
			shellScript = "cd QQN/\nmogenerator -m QUser.xcdatamodeld/QUser\\ 2.xcdatamodel --template-var arc=true";
		};
/* End PBXShellScriptBuildPhase section */

/* Begin PBXSourcesBuildPhase section */
		143E819C187B8B7100BEFE8D /* Sources */ = {
			isa = PBXSourcesBuildPhase;
			buildActionMask = 2147483647;
			files = (
				141A4CA918A1B11300531350 /* Severity.m in Sources */,
				149F467E18A040E500CA70B2 /* Ailment.m in Sources */,
				141A4CBD18A1C9F200531350 /* QUSeverityProgress.m in Sources */,
				141A4CA818A1B11300531350 /* _Severity.m in Sources */,
				141A4CBA18A1C90E00531350 /* QUNewAilmentTableViewController.m in Sources */,
				149F467D18A040E500CA70B2 /* _User.m in Sources */,
				149F468218A0411200CA70B2 /* QUCoreDataManager.m in Sources */,
				1425B344189FD3170096C5CC /* AMGProgressView.m in Sources */,
				141A4CC018A1CFF500531350 /* QUSeverityPickerTableViewCell.m in Sources */,
				143E81B4187B8B7100BEFE8D /* QUAppDelegate.m in Sources */,
				141A4CB718A1B1D600531350 /* SVProgressHUD.m in Sources */,
				148DDAF818A3BF1C00927A4D /* QUNewAilmentHeaderView.m in Sources */,
				143E81B0187B8B7100BEFE8D /* main.m in Sources */,
				141A4CAF18A1B13B00531350 /* _AilmentInfo.m in Sources */,
				149F468818A06ACA00CA70B2 /* QUAilmentsViewController.m in Sources */,
				143E81BA187B8B7100BEFE8D /* QUViewController.m in Sources */,
				149F467F18A040E500CA70B2 /* User.m in Sources */,
				1425B348189FD3710096C5CC /* QUExistingHeadacheTableViewController.m in Sources */,
				149F468C18A06FB800CA70B2 /* QUAilmentsTableViewController.m in Sources */,
				141A4CB018A1B13B00531350 /* AilmentInfo.m in Sources */,
				149F466C18A03ED500CA70B2 /* QUser.xcdatamodeld in Sources */,
				149F467C18A040E500CA70B2 /* _Ailment.m in Sources */,
				1425B340189FCF530096C5CC /* QUExistingHeadacheTableViewCell.m in Sources */,
			);
			runOnlyForDeploymentPostprocessing = 0;
		};
		143E81BD187B8B7100BEFE8D /* Sources */ = {
			isa = PBXSourcesBuildPhase;
			buildActionMask = 2147483647;
			files = (
				143E81CF187B8B7100BEFE8D /* QQNTests.m in Sources */,
			);
			runOnlyForDeploymentPostprocessing = 0;
		};
/* End PBXSourcesBuildPhase section */

/* Begin PBXTargetDependency section */
		143E81C7187B8B7100BEFE8D /* PBXTargetDependency */ = {
			isa = PBXTargetDependency;
			target = 143E819F187B8B7100BEFE8D /* QQN */;
			targetProxy = 143E81C6187B8B7100BEFE8D /* PBXContainerItemProxy */;
		};
/* End PBXTargetDependency section */

/* Begin PBXVariantGroup section */
		143E81AC187B8B7100BEFE8D /* InfoPlist.strings */ = {
			isa = PBXVariantGroup;
			children = (
				143E81AD187B8B7100BEFE8D /* en */,
			);
			name = InfoPlist.strings;
			sourceTree = "<group>";
		};
		143E81B5187B8B7100BEFE8D /* Main.storyboard */ = {
			isa = PBXVariantGroup;
			children = (
				143E81B6187B8B7100BEFE8D /* Base */,
			);
			name = Main.storyboard;
			sourceTree = "<group>";
		};
		143E81CB187B8B7100BEFE8D /* InfoPlist.strings */ = {
			isa = PBXVariantGroup;
			children = (
				143E81CC187B8B7100BEFE8D /* en */,
			);
			name = InfoPlist.strings;
			sourceTree = "<group>";
		};
/* End PBXVariantGroup section */

/* Begin XCBuildConfiguration section */
		143E81D0187B8B7100BEFE8D /* Debug */ = {
			isa = XCBuildConfiguration;
			buildSettings = {
				ALWAYS_SEARCH_USER_PATHS = NO;
				ARCHS = "$(ARCHS_STANDARD_INCLUDING_64_BIT)";
				CLANG_CXX_LANGUAGE_STANDARD = "gnu++0x";
				CLANG_CXX_LIBRARY = "libc++";
				CLANG_ENABLE_MODULES = YES;
				CLANG_ENABLE_OBJC_ARC = YES;
				CLANG_WARN_BOOL_CONVERSION = YES;
				CLANG_WARN_CONSTANT_CONVERSION = YES;
				CLANG_WARN_DIRECT_OBJC_ISA_USAGE = YES_ERROR;
				CLANG_WARN_EMPTY_BODY = YES;
				CLANG_WARN_ENUM_CONVERSION = YES;
				CLANG_WARN_INT_CONVERSION = YES;
				CLANG_WARN_OBJC_ROOT_CLASS = YES_ERROR;
				CLANG_WARN__DUPLICATE_METHOD_MATCH = YES;
				"CODE_SIGN_IDENTITY[sdk=iphoneos*]" = "iPhone Developer";
				COPY_PHASE_STRIP = NO;
				GCC_C_LANGUAGE_STANDARD = gnu99;
				GCC_DYNAMIC_NO_PIC = NO;
				GCC_OPTIMIZATION_LEVEL = 0;
				GCC_PREPROCESSOR_DEFINITIONS = (
					"DEBUG=1",
					"$(inherited)",
				);
				GCC_SYMBOLS_PRIVATE_EXTERN = NO;
				GCC_WARN_64_TO_32_BIT_CONVERSION = YES;
				GCC_WARN_ABOUT_RETURN_TYPE = YES_ERROR;
				GCC_WARN_UNDECLARED_SELECTOR = YES;
				GCC_WARN_UNINITIALIZED_AUTOS = YES_AGGRESSIVE;
				GCC_WARN_UNUSED_FUNCTION = YES;
				GCC_WARN_UNUSED_VARIABLE = YES;
				IPHONEOS_DEPLOYMENT_TARGET = 7.1;
				ONLY_ACTIVE_ARCH = YES;
				SDKROOT = iphoneos;
			};
			name = Debug;
		};
		143E81D1187B8B7100BEFE8D /* Release */ = {
			isa = XCBuildConfiguration;
			buildSettings = {
				ALWAYS_SEARCH_USER_PATHS = NO;
				ARCHS = "$(ARCHS_STANDARD_INCLUDING_64_BIT)";
				CLANG_CXX_LANGUAGE_STANDARD = "gnu++0x";
				CLANG_CXX_LIBRARY = "libc++";
				CLANG_ENABLE_MODULES = YES;
				CLANG_ENABLE_OBJC_ARC = YES;
				CLANG_WARN_BOOL_CONVERSION = YES;
				CLANG_WARN_CONSTANT_CONVERSION = YES;
				CLANG_WARN_DIRECT_OBJC_ISA_USAGE = YES_ERROR;
				CLANG_WARN_EMPTY_BODY = YES;
				CLANG_WARN_ENUM_CONVERSION = YES;
				CLANG_WARN_INT_CONVERSION = YES;
				CLANG_WARN_OBJC_ROOT_CLASS = YES_ERROR;
				CLANG_WARN__DUPLICATE_METHOD_MATCH = YES;
				"CODE_SIGN_IDENTITY[sdk=iphoneos*]" = "iPhone Developer";
				COPY_PHASE_STRIP = YES;
				ENABLE_NS_ASSERTIONS = NO;
				GCC_C_LANGUAGE_STANDARD = gnu99;
				GCC_WARN_64_TO_32_BIT_CONVERSION = YES;
				GCC_WARN_ABOUT_RETURN_TYPE = YES_ERROR;
				GCC_WARN_UNDECLARED_SELECTOR = YES;
				GCC_WARN_UNINITIALIZED_AUTOS = YES_AGGRESSIVE;
				GCC_WARN_UNUSED_FUNCTION = YES;
				GCC_WARN_UNUSED_VARIABLE = YES;
				IPHONEOS_DEPLOYMENT_TARGET = 7.1;
				SDKROOT = iphoneos;
				VALIDATE_PRODUCT = YES;
			};
			name = Release;
		};
		143E81D3187B8B7100BEFE8D /* Debug */ = {
			isa = XCBuildConfiguration;
			buildSettings = {
				ASSETCATALOG_COMPILER_APPICON_NAME = AppIcon;
				ASSETCATALOG_COMPILER_LAUNCHIMAGE_NAME = LaunchImage;
				CODE_SIGN_IDENTITY = "iPhone Developer";
				"CODE_SIGN_IDENTITY[sdk=iphoneos*]" = "iPhone Developer";
				FRAMEWORK_SEARCH_PATHS = (
					"$(inherited)",
					"$(PROJECT_DIR)",
				);
				GCC_PRECOMPILE_PREFIX_HEADER = YES;
				GCC_PREFIX_HEADER = "QQN/QQN-Prefix.pch";
				INFOPLIST_FILE = "QQN/QQN-Info.plist";
				IPHONEOS_DEPLOYMENT_TARGET = 6.0;
				LIBRARY_SEARCH_PATHS = (
					"$(inherited)",
					"$(PROJECT_DIR)/TestFlightSDK2",
				);
				PRODUCT_NAME = "$(TARGET_NAME)";
				PROVISIONING_PROFILE = "";
				TARGETED_DEVICE_FAMILY = 1;
				WRAPPER_EXTENSION = app;
			};
			name = Debug;
		};
		143E81D4187B8B7100BEFE8D /* Release */ = {
			isa = XCBuildConfiguration;
			buildSettings = {
				ASSETCATALOG_COMPILER_APPICON_NAME = AppIcon;
				ASSETCATALOG_COMPILER_LAUNCHIMAGE_NAME = LaunchImage;
				CODE_SIGN_IDENTITY = "iPhone Developer";
				"CODE_SIGN_IDENTITY[sdk=iphoneos*]" = "iPhone Developer";
				FRAMEWORK_SEARCH_PATHS = (
					"$(inherited)",
					"$(PROJECT_DIR)",
				);
				GCC_PRECOMPILE_PREFIX_HEADER = YES;
				GCC_PREFIX_HEADER = "QQN/QQN-Prefix.pch";
				INFOPLIST_FILE = "QQN/QQN-Info.plist";
				IPHONEOS_DEPLOYMENT_TARGET = 6.0;
				LIBRARY_SEARCH_PATHS = (
					"$(inherited)",
					"$(PROJECT_DIR)/TestFlightSDK2",
				);
				PRODUCT_NAME = "$(TARGET_NAME)";
				PROVISIONING_PROFILE = "";
				TARGETED_DEVICE_FAMILY = 1;
				WRAPPER_EXTENSION = app;
			};
			name = Release;
		};
		143E81D6187B8B7100BEFE8D /* Debug */ = {
			isa = XCBuildConfiguration;
			buildSettings = {
				ARCHS = "$(ARCHS_STANDARD_INCLUDING_64_BIT)";
				BUNDLE_LOADER = "$(BUILT_PRODUCTS_DIR)/QQN.app/QQN";
				FRAMEWORK_SEARCH_PATHS = (
					"$(SDKROOT)/Developer/Library/Frameworks",
					"$(inherited)",
					"$(DEVELOPER_FRAMEWORKS_DIR)",
				);
				GCC_PRECOMPILE_PREFIX_HEADER = YES;
				GCC_PREFIX_HEADER = "QQN/QQN-Prefix.pch";
				GCC_PREPROCESSOR_DEFINITIONS = (
					"DEBUG=1",
					"$(inherited)",
				);
				INFOPLIST_FILE = "QQNTests/QQNTests-Info.plist";
				PRODUCT_NAME = "$(TARGET_NAME)";
				TEST_HOST = "$(BUNDLE_LOADER)";
				WRAPPER_EXTENSION = xctest;
			};
			name = Debug;
		};
		143E81D7187B8B7100BEFE8D /* Release */ = {
			isa = XCBuildConfiguration;
			buildSettings = {
				ARCHS = "$(ARCHS_STANDARD_INCLUDING_64_BIT)";
				BUNDLE_LOADER = "$(BUILT_PRODUCTS_DIR)/QQN.app/QQN";
				FRAMEWORK_SEARCH_PATHS = (
					"$(SDKROOT)/Developer/Library/Frameworks",
					"$(inherited)",
					"$(DEVELOPER_FRAMEWORKS_DIR)",
				);
				GCC_PRECOMPILE_PREFIX_HEADER = YES;
				GCC_PREFIX_HEADER = "QQN/QQN-Prefix.pch";
				INFOPLIST_FILE = "QQNTests/QQNTests-Info.plist";
				PRODUCT_NAME = "$(TARGET_NAME)";
				TEST_HOST = "$(BUNDLE_LOADER)";
				WRAPPER_EXTENSION = xctest;
			};
			name = Release;
		};
		149F467018A0407100CA70B2 /* Debug */ = {
			isa = XCBuildConfiguration;
			buildSettings = {
				PRODUCT_NAME = "$(TARGET_NAME)";
			};
			name = Debug;
		};
		149F467118A0407100CA70B2 /* Release */ = {
			isa = XCBuildConfiguration;
			buildSettings = {
				PRODUCT_NAME = "$(TARGET_NAME)";
			};
			name = Release;
		};
/* End XCBuildConfiguration section */

/* Begin XCConfigurationList section */
		143E819B187B8B7100BEFE8D /* Build configuration list for PBXProject "QQN" */ = {
			isa = XCConfigurationList;
			buildConfigurations = (
				143E81D0187B8B7100BEFE8D /* Debug */,
				143E81D1187B8B7100BEFE8D /* Release */,
			);
			defaultConfigurationIsVisible = 0;
			defaultConfigurationName = Release;
		};
		143E81D2187B8B7100BEFE8D /* Build configuration list for PBXNativeTarget "QQN" */ = {
			isa = XCConfigurationList;
			buildConfigurations = (
				143E81D3187B8B7100BEFE8D /* Debug */,
				143E81D4187B8B7100BEFE8D /* Release */,
			);
			defaultConfigurationIsVisible = 0;
			defaultConfigurationName = Release;
		};
		143E81D5187B8B7100BEFE8D /* Build configuration list for PBXNativeTarget "QQNTests" */ = {
			isa = XCConfigurationList;
			buildConfigurations = (
				143E81D6187B8B7100BEFE8D /* Debug */,
				143E81D7187B8B7100BEFE8D /* Release */,
			);
			defaultConfigurationIsVisible = 0;
			defaultConfigurationName = Release;
		};
		149F466F18A0407100CA70B2 /* Build configuration list for PBXAggregateTarget "Mogenerator" */ = {
			isa = XCConfigurationList;
			buildConfigurations = (
				149F467018A0407100CA70B2 /* Debug */,
				149F467118A0407100CA70B2 /* Release */,
			);
			defaultConfigurationIsVisible = 0;
			defaultConfigurationName = Release;
		};
/* End XCConfigurationList section */

/* Begin XCVersionGroup section */
		149F466A18A03ED500CA70B2 /* QUser.xcdatamodeld */ = {
			isa = XCVersionGroup;
			children = (
				14A6F92718A457BE0015E0BE /* QUser 2.xcdatamodel */,
				149F466B18A03ED500CA70B2 /* QUser.xcdatamodel */,
			);
			currentVersion = 14A6F92718A457BE0015E0BE /* QUser 2.xcdatamodel */;
			path = QUser.xcdatamodeld;
			sourceTree = "<group>";
			versionGroupType = wrapper.xcdatamodel;
		};
/* End XCVersionGroup section */
	};
	rootObject = 143E8198187B8B7100BEFE8D /* Project object */;
}
