PODS:
  - Facebook-iOS-SDK (3.12.0)
  - NXOAuth2Client (1.2.5)
  - PDKeychainBindingsController (0.0.1)
  - SVProgressHUD (1.0)
  - Toast (2.2)

DEPENDENCIES:
  - Facebook-iOS-SDK (~> 3.12.0)
  - NXOAuth2Client (~> 1.2.5)
  - PDKeychainBindingsController (~> 0.0.1)
  - SVProgressHUD (~> 1.0)
  - Toast

SPEC CHECKSUMS:
  Facebook-iOS-SDK: 1cd143f9983498a555713732adf687f9f9858727
  NXOAuth2Client: 2ad31d48b28e00663ce4fe21345ccee0cab35e01
  PDKeychainBindingsController: 463c207f8726e4aaec1ec20fd1876082ee86cb0a
  SVProgressHUD: 5e10939a296debf5fe5a5895eda9539b8b2114f1
  Toast: 2b14258cc3122b7f09651d9876908554c58feaae

COCOAPODS: 0.32.1
